
Microsoft Visual Studio Solution File, Format Version 12.00
# Visual Studio Version 17
VisualStudioVersion = 17.12.35506.116 d17.12
MinimumVisualStudioVersion = 10.0.40219.1
Project("{FAE04EC0-301F-11D3-BF4B-00C04F79EFBC}") = "Domain", "Domain\Domain.csproj", "{D6082D23-6F68-4ABA-9858-82AB2D33B7D4}"
EndProject
Project("{FAE04EC0-301F-11D3-BF4B-00C04F79EFBC}") = "Repository", "Repository\Repository.csproj", "{5FF9CCF6-88F7-4072-A772-3E412BB03F85}"
EndProject
Project("{FAE04EC0-301F-11D3-BF4B-00C04F79EFBC}") = "WebApi", "WebApi\WebApi.csproj", "{BB5E8367-3C3F-4BB1-8BCE-A337008B0ABE}"
EndProject
Global
	GlobalSection(SolutionConfigurationPlatforms) = preSolution
		Debug|Any CPU = Debug|Any CPU
		Release|Any CPU = Release|Any CPU
	EndGlobalSection
	GlobalSection(ProjectConfigurationPlatforms) = postSolution
		{D6082D23-6F68-4ABA-9858-82AB2D33B7D4}.Debug|Any CPU.ActiveCfg = Debug|Any CPU
		{D6082D23-6F68-4ABA-9858-82AB2D33B7D4}.Debug|Any CPU.Build.0 = Debug|Any CPU
		{D6082D23-6F68-4ABA-9858-82AB2D33B7D4}.Release|Any CPU.ActiveCfg = Release|Any CPU
		{D6082D23-6F68-4ABA-9858-82AB2D33B7D4}.Release|Any CPU.Build.0 = Release|Any CPU
		{5FF9CCF6-88F7-4072-A772-3E412BB03F85}.Debug|Any CPU.ActiveCfg = Debug|Any CPU
		{5FF9CCF6-88F7-4072-A772-3E412BB03F85}.Debug|Any CPU.Build.0 = Debug|Any CPU
		{5FF9CCF6-88F7-4072-A772-3E412BB03F85}.Release|Any CPU.ActiveCfg = Release|Any CPU
		{5FF9CCF6-88F7-4072-A772-3E412BB03F85}.Release|Any CPU.Build.0 = Release|Any CPU
		{BB5E8367-3C3F-4BB1-8BCE-A337008B0ABE}.Debug|Any CPU.ActiveCfg = Debug|Any CPU
		{BB5E8367-3C3F-4BB1-8BCE-A337008B0ABE}.Debug|Any CPU.Build.0 = Debug|Any CPU
		{BB5E8367-3C3F-4BB1-8BCE-A337008B0ABE}.Release|Any CPU.ActiveCfg = Release|Any CPU
		{BB5E8367-3C3F-4BB1-8BCE-A337008B0ABE}.Release|Any CPU.Build.0 = Release|Any CPU
	EndGlobalSection
	GlobalSection(SolutionProperties) = preSolution
		HideSolutionNode = FALSE
	EndGlobalSection
EndGlobal
